
Microsoft Visual Studio Solution File, Format Version 12.00
# Visual Studio 15
VisualStudioVersion = 15.0.27130.2027
MinimumVisualStudioVersion = 10.0.40219.1
Project("{9A19103F-16F7-4668-BE54-9A1E7A4F7556}") = "MessagePack.NodaTime", "MessagePack.NodaTime\MessagePack.NodaTime.csproj", "{00D42F91-2E9A-4138-B667-1DE2A971F28D}"
EndProject
Project("{2150E333-8FDC-42A3-9474-1A3956D46DE8}") = "src", "src", "{6A7019F5-E02F-471F-9A4D-5C7D50F55BD3}"
EndProject
Project("{2150E333-8FDC-42A3-9474-1A3956D46DE8}") = "tests", "tests", "{4C82ACD9-7737-4742-A657-336B2916D383}"
EndProject
Project("{FAE04EC0-301F-11D3-BF4B-00C04F79EFBC}") = "MessagePack.NodaTime.Tests", "MessagePack.NodaTime.Tests\MessagePack.NodaTime.Tests.csproj", "{6752BA3A-6660-4B8C-9ECD-F6E03A848CB7}"
EndProject
Global
	GlobalSection(SolutionConfigurationPlatforms) = preSolution
		Debug|Any CPU = Debug|Any CPU
		Release|Any CPU = Release|Any CPU
	EndGlobalSection
	GlobalSection(ProjectConfigurationPlatforms) = postSolution
		{00D42F91-2E9A-4138-B667-1DE2A971F28D}.Debug|Any CPU.ActiveCfg = Debug|Any CPU
		{00D42F91-2E9A-4138-B667-1DE2A971F28D}.Debug|Any CPU.Build.0 = Debug|Any CPU
		{00D42F91-2E9A-4138-B667-1DE2A971F28D}.Release|Any CPU.ActiveCfg = Release|Any CPU
		{00D42F91-2E9A-4138-B667-1DE2A971F28D}.Release|Any CPU.Build.0 = Release|Any CPU
		{6752BA3A-6660-4B8C-9ECD-F6E03A848CB7}.Debug|Any CPU.ActiveCfg = Debug|Any CPU
		{6752BA3A-6660-4B8C-9ECD-F6E03A848CB7}.Debug|Any CPU.Build.0 = Debug|Any CPU
		{6752BA3A-6660-4B8C-9ECD-F6E03A848CB7}.Release|Any CPU.ActiveCfg = Release|Any CPU
		{6752BA3A-6660-4B8C-9ECD-F6E03A848CB7}.Release|Any CPU.Build.0 = Release|Any CPU
	EndGlobalSection
	GlobalSection(SolutionProperties) = preSolution
		HideSolutionNode = FALSE
	EndGlobalSection
	GlobalSection(NestedProjects) = preSolution
		{00D42F91-2E9A-4138-B667-1DE2A971F28D} = {6A7019F5-E02F-471F-9A4D-5C7D50F55BD3}
		{6752BA3A-6660-4B8C-9ECD-F6E03A848CB7} = {4C82ACD9-7737-4742-A657-336B2916D383}
	EndGlobalSection
	GlobalSection(ExtensibilityGlobals) = postSolution
		SolutionGuid = {D5C0F386-B0D0-4E1E-A00E-0629D6300818}
	EndGlobalSection
EndGlobal
